
Microsoft Visual Studio Solution File, Format Version 12.00
# Visual Studio Version 16
VisualStudioVersion = 16.0.31105.61
MinimumVisualStudioVersion = 10.0.40219.1
Project("{FAE04EC0-301F-11D3-BF4B-00C04F79EFBC}") = "Base.API", "Base.API\Base.API.csproj", "{B683F75A-6D87-4706-BE5E-0C66B9FA730F}"
EndProject
Global
	GlobalSection(SolutionConfigurationPlatforms) = preSolution
		Debug|Any CPU = Debug|Any CPU
		Release|Any CPU = Release|Any CPU
	EndGlobalSection
	GlobalSection(ProjectConfigurationPlatforms) = postSolution
		{B683F75A-6D87-4706-BE5E-0C66B9FA730F}.Debug|Any CPU.ActiveCfg = Debug|Any CPU
		{B683F75A-6D87-4706-BE5E-0C66B9FA730F}.Debug|Any CPU.Build.0 = Debug|Any CPU
		{B683F75A-6D87-4706-BE5E-0C66B9FA730F}.Release|Any CPU.ActiveCfg = Release|Any CPU
		{B683F75A-6D87-4706-BE5E-0C66B9FA730F}.Release|Any CPU.Build.0 = Release|Any CPU
	EndGlobalSection
	GlobalSection(SolutionProperties) = preSolution
		HideSolutionNode = FALSE
	EndGlobalSection
	GlobalSection(ExtensibilityGlobals) = postSolution
		SolutionGuid = {6AC92CBF-135C-43B3-A2B2-CEA3D8CDE0C8}
	EndGlobalSection
EndGlobal
